# This file is automatically @generated by Cargo.
# It is not intended for manual editing.
version = 3

[[package]]
name = "cds2seq"
version = "0.1.0"
dependencies = [
 "dbg_hex",
 "either",
]

[[package]]
name = "dbg_hex"
version = "0.1.1"
source = "registry+https://github.com/rust-lang/crates.io-index"
checksum = "2f74abed44e4dbc4d0548b565869c66c9c6d6d84011a8c14cee2cacfdada3d60"

[[package]]
name = "either"
version = "1.9.0"
source = "registry+https://github.com/rust-lang/crates.io-index"
checksum = "a26ae43d7bcc3b814de94796a5e736d4029efb0ee900c12e2d54c993ad1a1e07"
